{
  "version": 4,
  "terraform_version": "1.14.3",
  "serial": 17,
  "lineage": "d46a0fed-49eb-0f3a-8262-4fd3e47445ef",
  "outputs": {
    "dynamodb_table_arn": {
      "value": "arn:aws:dynamodb:us-east-1:094522691730:table/shopping-carts",
      "type": "string"
    },
    "dynamodb_table_name": {
      "value": "shopping-carts",
      "type": "string"
    },
    "ecs_cluster_name": {
      "value": "CS6650L2-cluster",
      "type": "string"
    },
    "ecs_service_name": {
      "value": "CS6650L2",
      "type": "string"
    },
    "rds_mysql_db_name": {
      "value": "app",
      "type": "string"
    },
    "rds_mysql_endpoint": {
      "value": "hw8-mysql.c9i9ys4espup.us-east-1.rds.amazonaws.com",
      "type": "string"
    },
    "rds_mysql_password": {
      "value": "gfIzsmdr7uOrIWa8u22y",
      "type": "string",
      "sensitive": true
    },
    "rds_mysql_port": {
      "value": 3306,
      "type": "number"
    },
    "rds_mysql_username": {
      "value": "cs6650admin",
      "type": "string"
    }
  },
  "resources": [
    {
      "mode": "data",
      "type": "aws_ecr_authorization_token",
      "name": "registry",
      "provider": "provider[\"registry.terraform.io/hashicorp/aws\"]",
      "instances": [
        {
          "schema_version": 0,
          "attributes": {
            "authorization_token": "QVdTOmV5SndZWGxzYjJGa0lqb2lja1ZoVUc1dFlqSllaMUpPWTI5dFNITlNiVzVzUVdkYU0xZHFia0pyZWtGeVdqSldSREZvUW5ac1JtRmtVWE00YkhGNGNuVkpNa1ZDUW5KV1kxVkVkVTl6U0dVeE5sUlNNelF5YmxGNmFGaE5NM1o1Tkhjd1NISm1kM2hsTjA1VFVqSlpZakkwYkhwYVJqRXdZemxuVFVwQlExaHZORk5TSzBodE0wVnZSRTh5U0U1TGJsTlRUbkpaUTAxTlFrNTVTRFZwTlhKc2JVZHVTazFyT0RGNVQwcFlOa3AwWldVeFZ6WkZWaXRhV1V3elFVVnpORm9yUWs5bVlqZHJPVTVZTUdSV05rOVVZbFkwTjJwMFpFZ3llRUpwWmtNeFIwUk5OemhRVHpJNGFFa3ZjbUpIYzJSSk1sUndjRVpoZWk5RlR6TlpTRmtyUlU5RkwwcFljV28zZHpodFMyRjJlV0oyTjBGcFlqZERjRzEyZEU4eU1VUTVNRlJqSzNJNFpEVkxObTVZU1ZaUFpVOVBaeTlUVWt4b1YzZHVSbUU1UzBFd1NrWjJiMDFsTkRZd05XVlFSRWRIV2tOUmJYbHJXV1pGTjB4c01uUjNNMFpyTkhaclQzUTNSRXBPUTJKNlYyMVhaemREUkdWU1ZuWkZVMGRtTjBjd0swaFBMMjUyVkc0NVVta3haMlJYYVRSWFNUVnlTRXhOVURaWVpsSXhTRVpyTXpWNlZuaG1RWEI0ZGpkNU1ERXpZMjlLYVZGSFFXRnVlRnBwYkVwTVRtaHJNbmhHT1VKTk56aHpTSHBPVEZSU05DdFFNelJOTUZsTFQyeFBXRlZqYm1SQ2NETkRNVWRKVWxkR1MyOXhlWEZZUm5nMVRtOTRVRGwzZDJKNGNsZG1aelJzWmxObFdIWnFXVUZ5VEhkR2IyaE1TMk4wZFdOaFVFTkNRM2czWXl0YWJGZ3paR2RMTUVaeWJFVlJUVWhPT1d0cVMzWlBPVlU0YjFGT2RuTTNSVEJoYXpGeU9EQkxjRE4wY1U5T1VXNURNWGxUWkhWa2VqQmFZakpLY2tKRFprVkZSa1YwVkZFd1JVTkViV0kwWm10R1ozbDRhRmM1TjFKcFZFWnlia2w0V0VwWFZuWldOVTltY3pGbU4wTnFXbWx3Y2xNeFozVnpiRUpGWW10bFpsbGhSVzFFVFZoelFqSkpRMkU0U2pWRVduSktWamd2TlVKYWRHUkRMMGhLVm5GemEzbFphbTlJVmpRdldYUmpaR0Z2VDJ4dWJrNXdiVFpQTWxCRVZtaEhiR1JrV25veU9FMTNhV3R0Y0ZKSWEya3ZRbHBqV1VOUU5sZGxlRFJhYkV4TVZFSTFlbTVFVTFscldUWXpLelZrVW1KWVdWaHBSMHhNY2pGTFFYcFlTbUpFVDBoNVVHbE9Wbll6VHpWTGRUUkRVeXRuUVU1SFRETjNWR2N3YXpJM1JYbG5PRzlqWmxOMmNWcHRTbVpFZUZOWk5Vd3ZiRlpNUzNKUGRYUnFTWFpDYTJab1dHSmFTREZHYjNsWlkxVXhLelJLTjNJM2EwSnFOekJUVFRkTE1XVXplblZRVEZwcFUyNVBkVVI1ZGt4d1VtaFlRVGs0Y3pOcVFYaDRWRTVYYUdWRVFpOHhaa2hRVTBZMWRqYzVaM1J1TDNacFFVSm9WR2RtUkhKSGFXeGlZekU1VVVsSWVIQm9LM1F4VGxKc2JuSXZPVmxuVW5CWFRsWllibmRMYldkNFZrWmlZazlZVURCUlRtTklkMGxFVjNSaFIyMHZPSEpDV25WUFZUVjNMMnhxWkhobVJDc3pSbmd2UWpJdlpHOHlLMDFwT1VkSmFqTnJaRk5GVTFCNmFsQmtObWRrY3pab1lqZ3hkazVyTkd0c2JVczRiM1IyTTFwUU0wUnJPVUZ0Vm0xc1IyVmhUSFZYWm1sRk9YRjRiVTlFYUV0WVNFbFVOMHN4TDJoYVRWbFpTeXM0TVU1TlJHaFNlRlpNWjNKaFZGRldiV2hrZUc1dVNUQXphMWc1YmpFMGEwbFVMMmRQUkZSbVdtdFhSMGwxWkdsdFZFODBRazlKVW1wT2VqTTNhMHMzZG5kS1lXazRiR3hDUWtWVlVXVm1UMmN3ZVVsamNFdHJTbGxOUWxFMU1sTnNka3hxTVM5eE5tYzNkMGhQZGpWdGEzRktiblZwT1c5R1dESTJZMEl6TkZsU2NEY3pXbVF3ZWtkWFVVaDVSbUU0VmxZclZEY3plRUZMTVVsdWNrUmxjaXRwUkU4dldWZGlaREpFWXpWNk5UY3JiMWsxVjBrM1VtNHllR0pJTDI1d2RFUm5QVDBpTENKa1lYUmhhMlY1SWpvaVFWRkZRa0ZJYUhkdE1GbGhTVk5LWlZKMFNtMDFiakZITm5WeFpXVnJXSFZ2V0ZoUVpUVlZSbU5sT1ZKeE9DOHhOSGRCUVVGSU5IZG1RVmxLUzI5YVNXaDJZMDVCVVdOSGIwYzRkMkpSU1VKQlJFSnZRbWRyY1docmFVYzVkekJDUW5kRmQwaG5XVXBaU1ZwSlFWZFZSRUpCUlhWTlFrVkZSRVJoTW5vclkwUkdVeTl0UkVsWVJtVjNTVUpGU1VFM09HUjJSVzlXZEdSclRtRTBXalp6TUZwbE5WRklOVFZCYjJKVldtTlhRWGMwVURSRmVHTnBOa1ZIYzBOSmFHbFRhVmR5WkU5eFIyRXlPVmhwUlZnelZYZ3llVlpCWW05eFJWaFVNVEU0ZHowaUxDSjJaWEp6YVc5dUlqb2lNaUlzSW5SNWNHVWlPaUpFUVZSQlgwdEZXU0lzSW1WNGNHbHlZWFJwYjI0aU9qRTNOelF4TlRnNE16Wjk=",
            "expires_at": "2026-03-22T05:53:56Z",
            "id": "us-east-1",
            "password": "eyJwYXlsb2FkIjoickVhUG5tYjJYZ1JOY29tSHNSbW5sQWdaM1dqbkJrekFyWjJWRDFoQnZsRmFkUXM4bHF4cnVJMkVCQnJWY1VEdU9zSGUxNlRSMzQyblF6aFhNM3Z5NHcwSHJmd3hlN05TUjJZYjI0bHpaRjEwYzlnTUpBQ1hvNFNSK0htM0VvRE8ySE5LblNTTnJZQ01NQk55SDVpNXJsbUduSk1rODF5T0pYNkp0ZWUxVzZFVitaWUwzQUVzNForQk9mYjdrOU5YMGRWNk9UYlY0N2p0ZEgyeEJpZkMxR0RNNzhQTzI4aEkvcmJHc2RJMlRwcEZhei9FTzNZSFkrRU9FL0pYcWo3dzhtS2F2eWJ2N0FpYjdDcG12dE8yMUQ5MFRjK3I4ZDVLNm5YSVZPZU9PZy9TUkxoV3duRmE5S0EwSkZ2b01lNDYwNWVQREdHWkNRbXlrWWZFN0xsMnR3M0ZrNHZrT3Q3REpOQ2J6V21XZzdDRGVSVnZFU0dmN0cwK0hPL252VG45UmkxZ2RXaTRXSTVySExNUDZYZlIxSEZrMzV6VnhmQXB4djd5MDEzY29KaVFHQWFueFppbEpMTmhrMnhGOUJNNzhzSHpOTFRSNCtQMzRNMFlLT2xPWFVjbmRCcDNDMUdJUldGS29xeXFYRng1Tm94UDl3d2J4cldmZzRsZlNlWHZqWUFyTHdGb2hMS2N0dWNhUENCQ3g3YytabFgzZGdLMEZybEVRTUhOOWtqS3ZPOVU4b1FOdnM3RTBhazFyODBLcDN0cU9OUW5DMXlTZHVkejBaYjJKckJDZkVFRkV0VFEwRUNEbWI0ZmtGZ3l4aFc5N1JpVEZybkl4WEpXVnZWNU9mczFmN0NqWmlwclMxZ3VzbEJFYmtlZllhRW1ETVhzQjJJQ2E4SjVEWnJKVjgvNUJadGRDL0hKVnFza3lZam9IVjQvWXRjZGFvT2xubk5wbTZPMlBEVmhHbGRkWnoyOE13aWttcFJIa2kvQlpjWUNQNldleDRabExMVEI1em5EU1lrWTYzKzVkUmJYWVhpR0xMcjFLQXpYSmJET0h5UGlOVnYzTzVLdTRDUytnQU5HTDN3VGcwazI3RXlnOG9jZlN2cVptSmZEeFNZNUwvbFZMS3JPdXRqSXZCa2ZoWGJaSDFGb3lZY1UxKzRKN3I3a0JqNzBTTTdLMWUzenVQTFppU25PdUR5dkxwUmhYQTk4czNqQXh4VE5XaGVEQi8xZkhQU0Y1djc5Z3RuL3ZpQUJoVGdmRHJHaWxiYzE5UUlIeHBoK3QxTlJsbnIvOVlnUnBXTlZYbndLbWd4VkZiYk9YUDBRTmNId0lEV3RhR20vOHJCWnVPVTV3L2xqZHhmRCszRngvQjIvZG8yK01pOUdJajNrZFNFU1B6alBkNmdkczZoYjgxdk5rNGtsbUs4b3R2M1pQM0RrOUFtVm1sR2VhTHVXZmlFOXF4bU9EaEtYSElUN0sxL2haTVlZSys4MU5NRGhSeFZMZ3JhVFFWbWhkeG5uSTAza1g5bjE0a0lUL2dPRFRmWmtXR0l1ZGltVE80Qk9JUmpOejM3a0s3dndKYWk4bGxCQkVVUWVmT2cweUljcEtrSllNQlE1MlNsdkxqMS9xNmc3d0hPdjVta3FKbnVpOW9GWDI2Y0IzNFlScDczWmQwekdXUUh5RmE4VlYrVDczeEFLMUluckRlcitpRE8vWVdiZDJEYzV6NTcrb1k1V0k3Um4yeGJIL25wdERnPT0iLCJkYXRha2V5IjoiQVFFQkFIaHdtMFlhSVNKZVJ0Sm01bjFHNnVxZWVrWHVvWFhQZTVVRmNlOVJxOC8xNHdBQUFINHdmQVlKS29aSWh2Y05BUWNHb0c4d2JRSUJBREJvQmdrcWhraUc5dzBCQndFd0hnWUpZSVpJQVdVREJBRXVNQkVFRERhMnorY0RGUy9tRElYRmV3SUJFSUE3OGR2RW9WdGRrTmE0WjZzMFplNVFINTVBb2JVWmNXQXc0UDRFeGNpNkVHc0NJaGlTaVdyZE9xR2EyOVhpRVgzVXgyeVZBYm9xRVhUMTE4dz0iLCJ2ZXJzaW9uIjoiMiIsInR5cGUiOiJEQVRBX0tFWSIsImV4cGlyYXRpb24iOjE3NzQxNTg4MzZ9",
            "proxy_endpoint": "https://094522691730.dkr.ecr.us-east-1.amazonaws.com",
            "region": "us-east-1",
            "registry_id": null,
            "user_name": "AWS"
          },
          "sensitive_attributes": [
            [
              {
                "type": "get_attr",
                "value": "authorization_token"
              }
            ],
            [
              {
                "type": "get_attr",
                "value": "password"
              }
            ]
          ],
          "identity_schema_version": 0
        }
      ]
    },
    {
      "mode": "data",
      "type": "aws_iam_role",
      "name": "lab_role",
      "provider": "provider[\"registry.terraform.io/hashicorp/aws\"]",
      "instances": [
        {
          "schema_version": 0,
          "attributes": {
            "arn": "arn:aws:iam::094522691730:role/LabRole",
            "assume_role_policy": "{\"Version\":\"2012-10-17\",\"Statement\":[{\"Effect\":\"Allow\",\"Principal\":{\"Service\":[\"elasticmapreduce.amazonaws.com\",\"resource-groups.amazonaws.com\",\"ec2.application-autoscaling.amazonaws.com\",\"autoscaling.amazonaws.com\",\"sagemaker.amazonaws.com\",\"cloudformation.amazonaws.com\",\"states.amazonaws.com\",\"deepracer.amazonaws.com\",\"elasticbeanstalk.amazonaws.com\",\"athena.amazonaws.com\",\"apigateway.amazonaws.com\",\"firehose.amazonaws.com\",\"rds.amazonaws.com\",\"backup.amazonaws.com\",\"servicecatalog.amazonaws.com\",\"forecast.amazonaws.com\",\"codewhisperer.amazonaws.com\",\"credentials.iot.amazonaws.com\",\"ecs-tasks.amazonaws.com\",\"cloud9.amazonaws.com\",\"scheduler.amazonaws.com\",\"batch.amazonaws.com\",\"pipes.amazonaws.com\",\"elasticfilesystem.amazonaws.com\",\"elasticloadbalancing.amazonaws.com\",\"iot.amazonaws.com\",\"application-autoscaling.amazonaws.com\",\"logs.amazonaws.com\",\"glue.amazonaws.com\",\"ec2.amazonaws.com\",\"cloudtrail.amazonaws.com\",\"rekognition.amazonaws.com\",\"lambda.amazonaws.com\",\"events.amazonaws.com\",\"codecommit.amazonaws.com\",\"iotevents.amazonaws.com\",\"sqs.amazonaws.com\",\"codedeploy.amazonaws.com\",\"eks.amazonaws.com\",\"dynamodb.amazonaws.com\",\"ecs.amazonaws.com\",\"kinesisanalytics.amazonaws.com\",\"ssm.amazonaws.com\",\"cognito-idp.amazonaws.com\",\"eks-fargate-pods.amazonaws.com\",\"redshift.amazonaws.com\",\"databrew.amazonaws.com\",\"kms.amazonaws.com\",\"s3.amazonaws.com\",\"sns.amazonaws.com\",\"iotanalytics.amazonaws.com\",\"kinesis.amazonaws.com\",\"secretsmanager.amazonaws.com\"],\"AWS\":\"arn:aws:iam::094522691730:role/LabRole\"},\"Action\":\"sts:AssumeRole\"}]}",
            "create_date": "2026-01-18T15:33:22Z",
            "description": "",
            "id": "LabRole",
            "max_session_duration": 3600,
            "name": "LabRole",
            "path": "/",
            "permissions_boundary": "",
            "role_last_used": [
              {
                "last_used_date": "2026-03-15T00:55:09Z",
                "region": "us-east-1"
              }
            ],
            "tags": {
              "cloudlab": "c195402a5014886l13509684t1w094522691730"
            },
            "unique_id": "AROARMAP52CJOPMPL6Z7K"
          },
          "sensitive_attributes": [],
          "identity_schema_version": 0
        }
      ]
    },
    {
      "module": "module.dynamodb",
      "mode": "managed",
      "type": "aws_dynamodb_table",
      "name": "shopping_carts",
      "provider": "provider[\"registry.terraform.io/hashicorp/aws\"]",
      "instances": [
        {
          "schema_version": 1,
          "attributes": {
            "arn": "arn:aws:dynamodb:us-east-1:094522691730:table/shopping-carts",
            "attribute": [
              {
                "name": "cart_id",
                "type": "S"
              }
            ],
            "billing_mode": "PAY_PER_REQUEST",
            "deletion_protection_enabled": false,
            "global_secondary_index": [],
            "hash_key": "cart_id",
            "id": "shopping-carts",
            "import_table": [],
            "local_secondary_index": [],
            "name": "shopping-carts",
            "on_demand_throughput": [],
            "point_in_time_recovery": [
              {
                "enabled": false,
                "recovery_period_in_days": 0
              }
            ],
            "range_key": null,
            "read_capacity": 0,
            "region": "us-east-1",
            "replica": [],
            "restore_date_time": null,
            "restore_source_name": null,
            "restore_source_table_arn": null,
            "restore_to_latest_time": null,
            "server_side_encryption": [],
            "stream_arn": "",
            "stream_enabled": false,
            "stream_label": "",
            "stream_view_type": "",
            "table_class": "STANDARD",
            "tags": {
              "Name": "shopping-carts"
            },
            "tags_all": {
              "Name": "shopping-carts"
            },
            "timeouts": null,
            "ttl": [
              {
                "attribute_name": "",
                "enabled": false
              }
            ],
            "write_capacity": 0
          },
          "sensitive_attributes": [],
          "identity_schema_version": 0,
          "private": "eyJlMmJmYjczMC1lY2FhLTExZTYtOGY4OC0zNDM2M2JjN2M0YzAiOnsiY3JlYXRlIjoxODAwMDAwMDAwMDAwLCJkZWxldGUiOjYwMDAwMDAwMDAwMCwidXBkYXRlIjozNjAwMDAwMDAwMDAwfSwic2NoZW1hX3ZlcnNpb24iOiIxIn0="
        }
      ]
    },
    {
      "module": "module.ecr",
      "mode": "managed",
      "type": "aws_ecr_repository",
      "name": "this",
      "provider": "provider[\"registry.terraform.io/hashicorp/aws\"]",
      "instances": [
        {
          "schema_version": 0,
          "attributes": {
            "arn": "arn:aws:ecr:us-east-1:094522691730:repository/ecr_service",
            "encryption_configuration": [
              {
                "encryption_type": "AES256",
                "kms_key": ""
              }
            ],
            "force_delete": null,
            "id": "ecr_service",
            "image_scanning_configuration": [
              {
                "scan_on_push": false
              }
            ],
            "image_tag_mutability": "MUTABLE",
            "name": "ecr_service",
            "region": "us-east-1",
            "registry_id": "094522691730",
            "repository_url": "094522691730.dkr.ecr.us-east-1.amazonaws.com/ecr_service",
            "tags": {},
            "tags_all": {},
            "timeouts": null
          },
          "sensitive_attributes": [],
          "identity_schema_version": 0,
          "private": "eyJlMmJmYjczMC1lY2FhLTExZTYtOGY4OC0zNDM2M2JjN2M0YzAiOnsiZGVsZXRlIjoxMjAwMDAwMDAwMDAwfX0="
        }
      ]
    },
    {
      "module": "module.ecs",
      "mode": "managed",
      "type": "aws_ecs_cluster",
      "name": "this",
      "provider": "provider[\"registry.terraform.io/hashicorp/aws\"]",
      "instances": [
        {
          "schema_version": 0,
          "attributes": {
            "arn": "arn:aws:ecs:us-east-1:094522691730:cluster/CS6650L2-cluster",
            "configuration": [],
            "id": "arn:aws:ecs:us-east-1:094522691730:cluster/CS6650L2-cluster",
            "name": "CS6650L2-cluster",
            "region": "us-east-1",
            "service_connect_defaults": [],
            "setting": [
              {
                "name": "containerInsights",
                "value": "enabled"
              }
            ],
            "tags": {},
            "tags_all": {}
          },
          "sensitive_attributes": [],
          "identity_schema_version": 0,
          "private": "bnVsbA=="
        }
      ]
    },
    {
      "module": "module.ecs",
      "mode": "managed",
      "type": "aws_ecs_service",
      "name": "this",
      "provider": "provider[\"registry.terraform.io/hashicorp/aws\"]",
      "instances": [
        {
          "schema_version": 1,
          "attributes": {
            "alarms": [],
            "arn": "arn:aws:ecs:us-east-1:094522691730:service/CS6650L2-cluster/CS6650L2",
            "availability_zone_rebalancing": "DISABLED",
            "capacity_provider_strategy": [],
            "cluster": "arn:aws:ecs:us-east-1:094522691730:cluster/CS6650L2-cluster",
            "deployment_circuit_breaker": [
              {
                "enable": false,
                "rollback": false
              }
            ],
            "deployment_configuration": [],
            "deployment_controller": [
              {
                "type": "ECS"
              }
            ],
            "deployment_maximum_percent": 200,
            "deployment_minimum_healthy_percent": 100,
            "desired_count": 1,
            "enable_ecs_managed_tags": false,
            "enable_execute_command": false,
            "force_delete": null,
            "force_new_deployment": null,
            "health_check_grace_period_seconds": 0,
            "iam_role": "/aws-service-role/ecs.amazonaws.com/AWSServiceRoleForECS",
            "id": "arn:aws:ecs:us-east-1:094522691730:service/CS6650L2-cluster/CS6650L2",
            "launch_type": "FARGATE",
            "load_balancer": [],
            "name": "CS6650L2",
            "network_configuration": [
              {
                "assign_public_ip": true,
                "security_groups": [
                  "sg-07ba6f7f5f8d65dc5"
                ],
                "subnets": [
                  "subnet-01108d86569b4f5e6",
                  "subnet-02c40913c9aa94783",
                  "subnet-0307d2b0a1fdb993b",
                  "subnet-056e342152fb8236b",
                  "subnet-0b3f7aeaf7d8c288a",
                  "subnet-0ce0c0504b2298593"
                ]
              }
            ],
            "ordered_placement_strategy": [],
            "placement_constraints": [],
            "platform_version": "LATEST",
            "propagate_tags": "NONE",
            "region": "us-east-1",
            "scheduling_strategy": "REPLICA",
            "service_connect_configuration": [],
            "service_registries": [],
            "tags": {},
            "tags_all": {},
            "task_definition": "arn:aws:ecs:us-east-1:094522691730:task-definition/CS6650L2-task:7",
            "timeouts": null,
            "triggers": {},
            "volume_configuration": [],
            "vpc_lattice_configurations": [],
            "wait_for_steady_state": false
          },
          "sensitive_attributes": [],
          "identity_schema_version": 0,
          "private": "eyJlMmJmYjczMC1lY2FhLTExZTYtOGY4OC0zNDM2M2JjN2M0YzAiOnsiY3JlYXRlIjoxMjAwMDAwMDAwMDAwLCJkZWxldGUiOjEyMDAwMDAwMDAwMDAsInVwZGF0ZSI6MTIwMDAwMDAwMDAwMH0sInNjaGVtYV92ZXJzaW9uIjoiMSJ9",
          "dependencies": [
            "data.aws_iam_role.lab_role",
            "module.dynamodb.aws_dynamodb_table.shopping_carts",
            "module.ecr.aws_ecr_repository.this",
            "module.ecs.aws_ecs_cluster.this",
            "module.ecs.aws_ecs_task_definition.this",
            "module.logging.aws_cloudwatch_log_group.this",
            "module.network.aws_security_group.this",
            "module.network.data.aws_subnets.default",
            "module.network.data.aws_vpc.default",
            "module.rds_mysql.aws_db_instance.this",
            "module.rds_mysql.aws_db_subnet_group.this",
            "module.rds_mysql.aws_security_group.this",
            "module.rds_mysql.data.aws_vpc.default",
            "module.rds_mysql.random_password.db_password"
          ]
        }
      ]
    },
    {
      "module": "module.ecs",
      "mode": "managed",
      "type": "aws_ecs_task_definition",
      "name": "this",
      "provider": "provider[\"registry.terraform.io/hashicorp/aws\"]",
      "instances": [
        {
          "schema_version": 1,
          "attributes": {
            "arn": "arn:aws:ecs:us-east-1:094522691730:task-definition/CS6650L2-task:7",
            "arn_without_revision": "arn:aws:ecs:us-east-1:094522691730:task-definition/CS6650L2-task",
            "container_definitions": "[{\"environment\":[{\"name\":\"AWS_REGION\",\"value\":\"us-east-1\"},{\"name\":\"DB_HOST\",\"value\":\"hw8-mysql.c9i9ys4espup.us-east-1.rds.amazonaws.com\"},{\"name\":\"DB_NAME\",\"value\":\"app\"},{\"name\":\"DB_PASSWORD\",\"value\":\"gfIzsmdr7uOrIWa8u22y\"},{\"name\":\"DB_PORT\",\"value\":\"3306\"},{\"name\":\"DB_USER\",\"value\":\"cs6650admin\"},{\"name\":\"DYNAMODB_TABLE_NAME\",\"value\":\"shopping-carts\"},{\"name\":\"STORAGE_BACKEND\",\"value\":\"dynamodb\"}],\"essential\":true,\"image\":\"094522691730.dkr.ecr.us-east-1.amazonaws.com/ecr_service:latest\",\"logConfiguration\":{\"logDriver\":\"awslogs\",\"options\":{\"awslogs-group\":\"/ecs/CS6650L2\",\"awslogs-region\":\"us-east-1\",\"awslogs-stream-prefix\":\"ecs\"}},\"mountPoints\":[],\"name\":\"CS6650L2-container\",\"portMappings\":[{\"containerPort\":8080,\"hostPort\":8080,\"protocol\":\"tcp\"}],\"systemControls\":[],\"volumesFrom\":[]}]",
            "cpu": "256",
            "enable_fault_injection": false,
            "ephemeral_storage": [],
            "execution_role_arn": "arn:aws:iam::094522691730:role/LabRole",
            "family": "CS6650L2-task",
            "id": "CS6650L2-task",
            "ipc_mode": "",
            "memory": "512",
            "network_mode": "awsvpc",
            "pid_mode": "",
            "placement_constraints": [],
            "proxy_configuration": [],
            "region": "us-east-1",
            "requires_compatibilities": [
              "FARGATE"
            ],
            "revision": 7,
            "runtime_platform": [],
            "skip_destroy": false,
            "tags": {},
            "tags_all": {},
            "task_role_arn": "arn:aws:iam::094522691730:role/LabRole",
            "track_latest": false,
            "volume": []
          },
          "sensitive_attributes": [
            [
              {
                "type": "get_attr",
                "value": "container_definitions"
              }
            ]
          ],
          "identity_schema_version": 0,
          "private": "eyJzY2hlbWFfdmVyc2lvbiI6IjEifQ==",
          "dependencies": [
            "data.aws_iam_role.lab_role",
            "module.dynamodb.aws_dynamodb_table.shopping_carts",
            "module.ecr.aws_ecr_repository.this",
            "module.logging.aws_cloudwatch_log_group.this",
            "module.network.aws_security_group.this",
            "module.network.data.aws_subnets.default",
            "module.network.data.aws_vpc.default",
            "module.rds_mysql.aws_db_instance.this",
            "module.rds_mysql.aws_db_subnet_group.this",
            "module.rds_mysql.aws_security_group.this",
            "module.rds_mysql.data.aws_vpc.default",
            "module.rds_mysql.random_password.db_password"
          ]
        }
      ]
    },
    {
      "module": "module.logging",
      "mode": "managed",
      "type": "aws_cloudwatch_log_group",
      "name": "this",
      "provider": "provider[\"registry.terraform.io/hashicorp/aws\"]",
      "instances": [
        {
          "schema_version": 0,
          "attributes": {
            "arn": "arn:aws:logs:us-east-1:094522691730:log-group:/ecs/CS6650L2",
            "id": "/ecs/CS6650L2",
            "kms_key_id": "",
            "log_group_class": "STANDARD",
            "name": "/ecs/CS6650L2",
            "name_prefix": "",
            "region": "us-east-1",
            "retention_in_days": 1,
            "skip_destroy": false,
            "tags": {},
            "tags_all": {}
          },
          "sensitive_attributes": [],
          "identity_schema_version": 0,
          "private": "bnVsbA=="
        }
      ]
    },
    {
      "module": "module.network",
      "mode": "data",
      "type": "aws_subnet",
      "name": "by_id",
      "provider": "provider[\"registry.terraform.io/hashicorp/aws\"]",
      "instances": [
        {
          "index_key": "subnet-01108d86569b4f5e6",
          "schema_version": 0,
          "attributes": {
            "arn": "arn:aws:ec2:us-east-1:094522691730:subnet/subnet-01108d86569b4f5e6",
            "assign_ipv6_address_on_creation": false,
            "availability_zone": "us-east-1a",
            "availability_zone_id": "use1-az2",
            "available_ip_address_count": 4091,
            "cidr_block": "172.31.80.0/20",
            "customer_owned_ipv4_pool": "",
            "default_for_az": true,
            "enable_dns64": false,
            "enable_lni_at_device_index": 0,
            "enable_resource_name_dns_a_record_on_launch": false,
            "enable_resource_name_dns_aaaa_record_on_launch": false,
            "filter": null,
            "id": "subnet-01108d86569b4f5e6",
            "ipv6_cidr_block": "",
            "ipv6_cidr_block_association_id": "",
            "ipv6_native": false,
            "map_customer_owned_ip_on_launch": false,
            "map_public_ip_on_launch": true,
            "outpost_arn": "",
            "owner_id": "094522691730",
            "private_dns_hostname_type_on_launch": "ip-name",
            "region": "us-east-1",
            "state": "available",
            "tags": {},
            "timeouts": null,
            "vpc_id": "vpc-05b6f59630c3b4e68"
          },
          "sensitive_attributes": [],
          "identity_schema_version": 0
        },
        {
          "index_key": "subnet-02c40913c9aa94783",
          "schema_version": 0,
          "attributes": {
            "arn": "arn:aws:ec2:us-east-1:094522691730:subnet/subnet-02c40913c9aa94783",
            "assign_ipv6_address_on_creation": false,
            "availability_zone": "us-east-1f",
            "availability_zone_id": "use1-az5",
            "available_ip_address_count": 4091,
            "cidr_block": "172.31.64.0/20",
            "customer_owned_ipv4_pool": "",
            "default_for_az": true,
            "enable_dns64": false,
            "enable_lni_at_device_index": 0,
            "enable_resource_name_dns_a_record_on_launch": false,
            "enable_resource_name_dns_aaaa_record_on_launch": false,
            "filter": null,
            "id": "subnet-02c40913c9aa94783",
            "ipv6_cidr_block": "",
            "ipv6_cidr_block_association_id": "",
            "ipv6_native": false,
            "map_customer_owned_ip_on_launch": false,
            "map_public_ip_on_launch": true,
            "outpost_arn": "",
            "owner_id": "094522691730",
            "private_dns_hostname_type_on_launch": "ip-name",
            "region": "us-east-1",
            "state": "available",
            "tags": {},
            "timeouts": null,
            "vpc_id": "vpc-05b6f59630c3b4e68"
          },
          "sensitive_attributes": [],
          "identity_schema_version": 0
        },
        {
          "index_key": "subnet-0307d2b0a1fdb993b",
          "schema_version": 0,
          "attributes": {
            "arn": "arn:aws:ec2:us-east-1:094522691730:subnet/subnet-0307d2b0a1fdb993b",
            "assign_ipv6_address_on_creation": false,
            "availability_zone": "us-east-1b",
            "availability_zone_id": "use1-az4",
            "available_ip_address_count": 4090,
            "cidr_block": "172.31.16.0/20",
            "customer_owned_ipv4_pool": "",
            "default_for_az": true,
            "enable_dns64": false,
            "enable_lni_at_device_index": 0,
            "enable_resource_name_dns_a_record_on_launch": false,
            "enable_resource_name_dns_aaaa_record_on_launch": false,
            "filter": null,
            "id": "subnet-0307d2b0a1fdb993b",
            "ipv6_cidr_block": "",
            "ipv6_cidr_block_association_id": "",
            "ipv6_native": false,
            "map_customer_owned_ip_on_launch": false,
            "map_public_ip_on_launch": true,
            "outpost_arn": "",
            "owner_id": "094522691730",
            "private_dns_hostname_type_on_launch": "ip-name",
            "region": "us-east-1",
            "state": "available",
            "tags": {},
            "timeouts": null,
            "vpc_id": "vpc-05b6f59630c3b4e68"
          },
          "sensitive_attributes": [],
          "identity_schema_version": 0
        },
        {
          "index_key": "subnet-056e342152fb8236b",
          "schema_version": 0,
          "attributes": {
            "arn": "arn:aws:ec2:us-east-1:094522691730:subnet/subnet-056e342152fb8236b",
            "assign_ipv6_address_on_creation": false,
            "availability_zone": "us-east-1e",
            "availability_zone_id": "use1-az3",
            "available_ip_address_count": 4091,
            "cidr_block": "172.31.48.0/20",
            "customer_owned_ipv4_pool": "",
            "default_for_az": true,
            "enable_dns64": false,
            "enable_lni_at_device_index": 0,
            "enable_resource_name_dns_a_record_on_launch": false,
            "enable_resource_name_dns_aaaa_record_on_launch": false,
            "filter": null,
            "id": "subnet-056e342152fb8236b",
            "ipv6_cidr_block": "",
            "ipv6_cidr_block_association_id": "",
            "ipv6_native": false,
            "map_customer_owned_ip_on_launch": false,
            "map_public_ip_on_launch": true,
            "outpost_arn": "",
            "owner_id": "094522691730",
            "private_dns_hostname_type_on_launch": "ip-name",
            "region": "us-east-1",
            "state": "available",
            "tags": {},
            "timeouts": null,
            "vpc_id": "vpc-05b6f59630c3b4e68"
          },
          "sensitive_attributes": [],
          "identity_schema_version": 0
        },
        {
          "index_key": "subnet-0b3f7aeaf7d8c288a",
          "schema_version": 0,
          "attributes": {
            "arn": "arn:aws:ec2:us-east-1:094522691730:subnet/subnet-0b3f7aeaf7d8c288a",
            "assign_ipv6_address_on_creation": false,
            "availability_zone": "us-east-1c",
            "availability_zone_id": "use1-az6",
            "available_ip_address_count": 4090,
            "cidr_block": "172.31.32.0/20",
            "customer_owned_ipv4_pool": "",
            "default_for_az": true,
            "enable_dns64": false,
            "enable_lni_at_device_index": 0,
            "enable_resource_name_dns_a_record_on_launch": false,
            "enable_resource_name_dns_aaaa_record_on_launch": false,
            "filter": null,
            "id": "subnet-0b3f7aeaf7d8c288a",
            "ipv6_cidr_block": "",
            "ipv6_cidr_block_association_id": "",
            "ipv6_native": false,
            "map_customer_owned_ip_on_launch": false,
            "map_public_ip_on_launch": true,
            "outpost_arn": "",
            "owner_id": "094522691730",
            "private_dns_hostname_type_on_launch": "ip-name",
            "region": "us-east-1",
            "state": "available",
            "tags": {},
            "timeouts": null,
            "vpc_id": "vpc-05b6f59630c3b4e68"
          },
          "sensitive_attributes": [],
          "identity_schema_version": 0
        },
        {
          "index_key": "subnet-0ce0c0504b2298593",
          "schema_version": 0,
          "attributes": {
            "arn": "arn:aws:ec2:us-east-1:094522691730:subnet/subnet-0ce0c0504b2298593",
            "assign_ipv6_address_on_creation": false,
            "availability_zone": "us-east-1d",
            "availability_zone_id": "use1-az1",
            "available_ip_address_count": 4091,
            "cidr_block": "172.31.0.0/20",
            "customer_owned_ipv4_pool": "",
            "default_for_az": true,
            "enable_dns64": false,
            "enable_lni_at_device_index": 0,
            "enable_resource_name_dns_a_record_on_launch": false,
            "enable_resource_name_dns_aaaa_record_on_launch": false,
            "filter": null,
            "id": "subnet-0ce0c0504b2298593",
            "ipv6_cidr_block": "",
            "ipv6_cidr_block_association_id": "",
            "ipv6_native": false,
            "map_customer_owned_ip_on_launch": false,
            "map_public_ip_on_launch": true,
            "outpost_arn": "",
            "owner_id": "094522691730",
            "private_dns_hostname_type_on_launch": "ip-name",
            "region": "us-east-1",
            "state": "available",
            "tags": {},
            "timeouts": null,
            "vpc_id": "vpc-05b6f59630c3b4e68"
          },
          "sensitive_attributes": [],
          "identity_schema_version": 0
        }
      ]
    },
    {
      "module": "module.network",
      "mode": "data",
      "type": "aws_subnets",
      "name": "default",
      "provider": "provider[\"registry.terraform.io/hashicorp/aws\"]",
      "instances": [
        {
          "schema_version": 0,
          "attributes": {
            "filter": [
              {
                "name": "vpc-id",
                "values": [
                  "vpc-05b6f59630c3b4e68"
                ]
              }
            ],
            "id": "us-east-1",
            "ids": [
              "subnet-0b3f7aeaf7d8c288a",
              "subnet-0ce0c0504b2298593",
              "subnet-0307d2b0a1fdb993b",
              "subnet-056e342152fb8236b",
              "subnet-02c40913c9aa94783",
              "subnet-01108d86569b4f5e6"
            ],
            "region": "us-east-1",
            "tags": null,
            "timeouts": null
          },
          "sensitive_attributes": [],
          "identity_schema_version": 0
        }
      ]
    },
    {
      "module": "module.network",
      "mode": "data",
      "type": "aws_vpc",
      "name": "default",
      "provider": "provider[\"registry.terraform.io/hashicorp/aws\"]",
      "instances": [
        {
          "schema_version": 0,
          "attributes": {
            "arn": "arn:aws:ec2:us-east-1:094522691730:vpc/vpc-05b6f59630c3b4e68",
            "cidr_block": "172.31.0.0/16",
            "cidr_block_associations": [
              {
                "association_id": "vpc-cidr-assoc-02792db34f6d5ff7e",
                "cidr_block": "172.31.0.0/16",
                "state": "associated"
              }
            ],
            "default": true,
            "dhcp_options_id": "dopt-0c213409de7878a6e",
            "enable_dns_hostnames": true,
            "enable_dns_support": true,
            "enable_network_address_usage_metrics": false,
            "filter": null,
            "id": "vpc-05b6f59630c3b4e68",
            "instance_tenancy": "default",
            "ipv6_association_id": "",
            "ipv6_cidr_block": "",
            "main_route_table_id": "rtb-0f2e3e6f6c11599e9",
            "owner_id": "094522691730",
            "region": "us-east-1",
            "state": null,
            "tags": {},
            "timeouts": null
          },
          "sensitive_attributes": [],
          "identity_schema_version": 0
        }
      ]
    },
    {
      "module": "module.network",
      "mode": "managed",
      "type": "aws_security_group",
      "name": "this",
      "provider": "provider[\"registry.terraform.io/hashicorp/aws\"]",
      "instances": [
        {
          "schema_version": 1,
          "attributes": {
            "arn": "arn:aws:ec2:us-east-1:094522691730:security-group/sg-07ba6f7f5f8d65dc5",
            "description": "Allow inbound on 8080",
            "egress": [
              {
                "cidr_blocks": [
                  "0.0.0.0/0"
                ],
                "description": "Allow all outbound",
                "from_port": 0,
                "ipv6_cidr_blocks": [],
                "prefix_list_ids": [],
                "protocol": "-1",
                "security_groups": [],
                "self": false,
                "to_port": 0
              }
            ],
            "id": "sg-07ba6f7f5f8d65dc5",
            "ingress": [
              {
                "cidr_blocks": [
                  "0.0.0.0/0"
                ],
                "description": "Allow HTTP traffic",
                "from_port": 8080,
                "ipv6_cidr_blocks": [],
                "prefix_list_ids": [],
                "protocol": "tcp",
                "security_groups": [],
                "self": false,
                "to_port": 8080
              }
            ],
            "name": "CS6650L2-sg",
            "name_prefix": "",
            "owner_id": "094522691730",
            "region": "us-east-1",
            "revoke_rules_on_delete": false,
            "tags": {},
            "tags_all": {},
            "timeouts": null,
            "vpc_id": "vpc-05b6f59630c3b4e68"
          },
          "sensitive_attributes": [],
          "identity_schema_version": 0,
          "private": "eyJlMmJmYjczMC1lY2FhLTExZTYtOGY4OC0zNDM2M2JjN2M0YzAiOnsiY3JlYXRlIjo2MDAwMDAwMDAwMDAsImRlbGV0ZSI6OTAwMDAwMDAwMDAwfSwic2NoZW1hX3ZlcnNpb24iOiIxIn0=",
          "dependencies": [
            "module.network.data.aws_vpc.default"
          ]
        }
      ]
    },
    {
      "module": "module.rds_mysql",
      "mode": "data",
      "type": "aws_vpc",
      "name": "default",
      "provider": "provider[\"registry.terraform.io/hashicorp/aws\"]",
      "instances": [
        {
          "schema_version": 0,
          "attributes": {
            "arn": "arn:aws:ec2:us-east-1:094522691730:vpc/vpc-05b6f59630c3b4e68",
            "cidr_block": "172.31.0.0/16",
            "cidr_block_associations": [
              {
                "association_id": "vpc-cidr-assoc-02792db34f6d5ff7e",
                "cidr_block": "172.31.0.0/16",
                "state": "associated"
              }
            ],
            "default": true,
            "dhcp_options_id": "dopt-0c213409de7878a6e",
            "enable_dns_hostnames": true,
            "enable_dns_support": true,
            "enable_network_address_usage_metrics": false,
            "filter": null,
            "id": "vpc-05b6f59630c3b4e68",
            "instance_tenancy": "default",
            "ipv6_association_id": "",
            "ipv6_cidr_block": "",
            "main_route_table_id": "rtb-0f2e3e6f6c11599e9",
            "owner_id": "094522691730",
            "region": "us-east-1",
            "state": null,
            "tags": {},
            "timeouts": null
          },
          "sensitive_attributes": [],
          "identity_schema_version": 0
        }
      ]
    },
    {
      "module": "module.rds_mysql",
      "mode": "managed",
      "type": "aws_db_instance",
      "name": "this",
      "provider": "provider[\"registry.terraform.io/hashicorp/aws\"]",
      "instances": [
        {
          "schema_version": 2,
          "attributes": {
            "address": "hw8-mysql.c9i9ys4espup.us-east-1.rds.amazonaws.com",
            "allocated_storage": 20,
            "allow_major_version_upgrade": null,
            "apply_immediately": true,
            "arn": "arn:aws:rds:us-east-1:094522691730:db:hw8-mysql",
            "auto_minor_version_upgrade": true,
            "availability_zone": "us-east-1b",
            "backup_retention_period": 0,
            "backup_target": "region",
            "backup_window": "05:38-06:08",
            "blue_green_update": [],
            "ca_cert_identifier": "rds-ca-rsa2048-g1",
            "character_set_name": "",
            "copy_tags_to_snapshot": false,
            "custom_iam_instance_profile": "",
            "customer_owned_ip_enabled": false,
            "database_insights_mode": "standard",
            "db_name": "app",
            "db_subnet_group_name": "hw8-rds-subnets",
            "dedicated_log_volume": false,
            "delete_automated_backups": true,
            "deletion_protection": false,
            "domain": "",
            "domain_auth_secret_arn": "",
            "domain_dns_ips": [],
            "domain_fqdn": "",
            "domain_iam_role_name": "",
            "domain_ou": "",
            "enabled_cloudwatch_logs_exports": [],
            "endpoint": "hw8-mysql.c9i9ys4espup.us-east-1.rds.amazonaws.com:3306",
            "engine": "mysql",
            "engine_lifecycle_support": "open-source-rds-extended-support",
            "engine_version": "8.0.45",
            "engine_version_actual": "8.0.45",
            "final_snapshot_identifier": null,
            "hosted_zone_id": "Z2R2ITUGPM61AM",
            "iam_database_authentication_enabled": false,
            "id": "db-KWQ333HLLJGKU7STRYWYIBZI7Q",
            "identifier": "hw8-mysql",
            "identifier_prefix": "",
            "instance_class": "db.t3.micro",
            "iops": 0,
            "kms_key_id": "",
            "latest_restorable_time": "",
            "license_model": "general-public-license",
            "listener_endpoint": [],
            "maintenance_window": "tue:03:10-tue:03:40",
            "manage_master_user_password": null,
            "master_user_secret": [],
            "master_user_secret_kms_key_id": null,
            "max_allocated_storage": 0,
            "monitoring_interval": 0,
            "monitoring_role_arn": "",
            "multi_az": false,
            "nchar_character_set_name": "",
            "network_type": "IPV4",
            "option_group_name": "default:mysql-8-0",
            "parameter_group_name": "default.mysql8.0",
            "password": "gfIzsmdr7uOrIWa8u22y",
            "password_wo": null,
            "password_wo_version": null,
            "performance_insights_enabled": false,
            "performance_insights_kms_key_id": "",
            "performance_insights_retention_period": 0,
            "port": 3306,
            "publicly_accessible": true,
            "region": "us-east-1",
            "replica_mode": "",
            "replicas": [],
            "replicate_source_db": "",
            "resource_id": "db-KWQ333HLLJGKU7STRYWYIBZI7Q",
            "restore_to_point_in_time": [],
            "s3_import": [],
            "skip_final_snapshot": true,
            "snapshot_identifier": null,
            "status": "available",
            "storage_encrypted": false,
            "storage_throughput": 0,
            "storage_type": "gp2",
            "tags": {},
            "tags_all": {},
            "timeouts": null,
            "timezone": "",
            "upgrade_storage_config": null,
            "username": "cs6650admin",
            "vpc_security_group_ids": [
              "sg-0cf293f1647e95998"
            ]
          },
          "sensitive_attributes": [
            [
              {
                "type": "get_attr",
                "value": "password"
              }
            ],
            [
              {
                "type": "get_attr",
                "value": "password_wo"
              }
            ]
          ],
          "identity_schema_version": 0,
          "private": "eyJlMmJmYjczMC1lY2FhLTExZTYtOGY4OC0zNDM2M2JjN2M0YzAiOnsiY3JlYXRlIjozMDAwMDAwMDAwMDAwLCJkZWxldGUiOjM2MDAwMDAwMDAwMDAsInVwZGF0ZSI6NDgwMDAwMDAwMDAwMH0sInNjaGVtYV92ZXJzaW9uIjoiMiJ9",
          "dependencies": [
            "module.network.aws_security_group.this",
            "module.network.data.aws_subnets.default",
            "module.network.data.aws_vpc.default",
            "module.rds_mysql.aws_db_subnet_group.this",
            "module.rds_mysql.aws_security_group.this",
            "module.rds_mysql.data.aws_vpc.default",
            "module.rds_mysql.random_password.db_password"
          ]
        }
      ]
    },
    {
      "module": "module.rds_mysql",
      "mode": "managed",
      "type": "aws_db_subnet_group",
      "name": "this",
      "provider": "provider[\"registry.terraform.io/hashicorp/aws\"]",
      "instances": [
        {
          "schema_version": 0,
          "attributes": {
            "arn": "arn:aws:rds:us-east-1:094522691730:subgrp:hw8-rds-subnets",
            "description": "Managed by Terraform",
            "id": "hw8-rds-subnets",
            "name": "hw8-rds-subnets",
            "name_prefix": "",
            "region": "us-east-1",
            "subnet_ids": [
              "subnet-01108d86569b4f5e6",
              "subnet-02c40913c9aa94783",
              "subnet-0307d2b0a1fdb993b",
              "subnet-056e342152fb8236b",
              "subnet-0b3f7aeaf7d8c288a",
              "subnet-0ce0c0504b2298593"
            ],
            "supported_network_types": [
              "IPV4"
            ],
            "tags": {},
            "tags_all": {},
            "vpc_id": "vpc-05b6f59630c3b4e68"
          },
          "sensitive_attributes": [],
          "identity_schema_version": 0,
          "private": "bnVsbA==",
          "dependencies": [
            "module.network.data.aws_subnets.default",
            "module.network.data.aws_vpc.default"
          ]
        }
      ]
    },
    {
      "module": "module.rds_mysql",
      "mode": "managed",
      "type": "aws_security_group",
      "name": "this",
      "provider": "provider[\"registry.terraform.io/hashicorp/aws\"]",
      "instances": [
        {
          "schema_version": 1,
          "attributes": {
            "arn": "arn:aws:ec2:us-east-1:094522691730:security-group/sg-0cf293f1647e95998",
            "description": "MySQL access from ECS tasks only",
            "egress": [
              {
                "cidr_blocks": [
                  "0.0.0.0/0"
                ],
                "description": "Allow all outbound",
                "from_port": 0,
                "ipv6_cidr_blocks": [],
                "prefix_list_ids": [],
                "protocol": "-1",
                "security_groups": [],
                "self": false,
                "to_port": 0
              }
            ],
            "id": "sg-0cf293f1647e95998",
            "ingress": [
              {
                "cidr_blocks": [],
                "description": "MySQL from ECS tasks",
                "from_port": 3306,
                "ipv6_cidr_blocks": [],
                "prefix_list_ids": [],
                "protocol": "tcp",
                "security_groups": [
                  "sg-07ba6f7f5f8d65dc5"
                ],
                "self": false,
                "to_port": 3306
              }
            ],
            "name": "hw8-rds-sg",
            "name_prefix": "",
            "owner_id": "094522691730",
            "region": "us-east-1",
            "revoke_rules_on_delete": false,
            "tags": {},
            "tags_all": {},
            "timeouts": null,
            "vpc_id": "vpc-05b6f59630c3b4e68"
          },
          "sensitive_attributes": [],
          "identity_schema_version": 0,
          "private": "eyJlMmJmYjczMC1lY2FhLTExZTYtOGY4OC0zNDM2M2JjN2M0YzAiOnsiY3JlYXRlIjo2MDAwMDAwMDAwMDAsImRlbGV0ZSI6OTAwMDAwMDAwMDAwfSwic2NoZW1hX3ZlcnNpb24iOiIxIn0=",
          "dependencies": [
            "module.network.aws_security_group.this",
            "module.network.data.aws_vpc.default",
            "module.rds_mysql.data.aws_vpc.default"
          ]
        }
      ]
    },
    {
      "module": "module.rds_mysql",
      "mode": "managed",
      "type": "random_password",
      "name": "db_password",
      "provider": "provider[\"registry.terraform.io/hashicorp/random\"]",
      "instances": [
        {
          "schema_version": 3,
          "attributes": {
            "bcrypt_hash": "$2a$10$Sfo9IgAA.ePmKacPYkqGgecgS6SHyVxcti1FLZkPhlARgTcm80sZ.",
            "id": "none",
            "keepers": null,
            "length": 20,
            "lower": true,
            "min_lower": 0,
            "min_numeric": 0,
            "min_special": 0,
            "min_upper": 0,
            "number": true,
            "numeric": true,
            "override_special": null,
            "result": "gfIzsmdr7uOrIWa8u22y",
            "special": false,
            "upper": true
          },
          "sensitive_attributes": [
            [
              {
                "type": "get_attr",
                "value": "bcrypt_hash"
              }
            ],
            [
              {
                "type": "get_attr",
                "value": "result"
              }
            ]
          ],
          "identity_schema_version": 0
        }
      ]
    }
  ],
  "check_results": null
}
